
Microsoft Visual Studio Solution File, Format Version 12.00
# Visual Studio Version 17
VisualStudioVersion = 17.11.35208.52
MinimumVisualStudioVersion = 10.0.40219.1
Project("{FAE04EC0-301F-11D3-BF4B-00C04F79EFBC}") = "Loop", "Loop\Loop.csproj", "{78A0B970-C3F6-4EED-9901-38A54C90B28F}"
EndProject
Global
	GlobalSection(SolutionConfigurationPlatforms) = preSolution
		Debug|Any CPU = Debug|Any CPU
		Release|Any CPU = Release|Any CPU
	EndGlobalSection
	GlobalSection(ProjectConfigurationPlatforms) = postSolution
		{78A0B970-C3F6-4EED-9901-38A54C90B28F}.Debug|Any CPU.ActiveCfg = Debug|Any CPU
		{78A0B970-C3F6-4EED-9901-38A54C90B28F}.Debug|Any CPU.Build.0 = Debug|Any CPU
		{78A0B970-C3F6-4EED-9901-38A54C90B28F}.Release|Any CPU.ActiveCfg = Release|Any CPU
		{78A0B970-C3F6-4EED-9901-38A54C90B28F}.Release|Any CPU.Build.0 = Release|Any CPU
	EndGlobalSection
	GlobalSection(SolutionProperties) = preSolution
		HideSolutionNode = FALSE
	EndGlobalSection
	GlobalSection(ExtensibilityGlobals) = postSolution
		SolutionGuid = {C07ABB7A-6B9B-49CE-903F-E05E4CEB731D}
	EndGlobalSection
EndGlobal
